lockfileVersion: '9.0'

settings:
  autoInstallPeers: true
  excludeLinksFromLockfile: false

importers:

  .:
    dependencies:
      fastest-levenshtein:
        specifier: 1.0.16
        version: 1.0.16
      fuse.js:
        specifier: 7.5.0
        version: 7.5.0
      fuzzball:
        specifier: 2.2.6
        version: 2.2.6
      js-levenshtein:
        specifier: 1.1.6
        version: 1.1.6
      leven:
        specifier: 4.1.0
        version: 4.1.0
      string-similarity:
        specifier: 4.0.4
        version: 4.0.4

packages:

  fastest-levenshtein@1.0.16:
    resolution: {integrity: sha512-eRnCtTTtGZFpQCwhJiUOuxPQWRXVKYDn0b2PeHfXL6/Zi53SLAzAHfVhVWK2AryC/WH05kGfxhFIPvTF0SXQzg==}
    engines: {node: '>= 4.9.1'}

  fuse.js@7.5.0:
    resolution: {integrity: sha512-sQtrEfA+ez/3G0cCZecF70oqpCRttCexYUG4mUrtWL49ULUzUyxokt5kyqwtKzj1270RaKih+hcP3qLcumccow==}
    engines: {node: '>=10'}

  fuzzball@2.2.6:
    resolution: {integrity: sha512-RFYKY0GGDOmocz6rYmvOk9qOnV2UCsLHbVPl5zfZVvcdBlilDg/84WSgAvOCGDq+UEnpnqjZMHk6a/hamC5VuQ==}

  heap@0.2.7:
    resolution: {integrity: sha512-2bsegYkkHO+h/9MGbn6KWcE45cHZgPANo5LXF7EvWdT0yT2EguSVO1nDgU5c8+ZOPwp2vMNa7YFsJhVcDR9Sdg==}

  js-levenshtein@1.1.6:
    resolution: {integrity: sha512-X2BB11YZtrRqY4EnQcLX5Rh373zbK4alC1FW7D7MBhL2gtcC17cTnr6DmfHZeS0s2rTHjUTMMHfG7gO8SSdw+g==}
    engines: {node: '>=0.10.0'}

  leven@4.1.0:
    resolution: {integrity: sha512-KZ9W9nWDT7rF7Dazg8xyLHGLrmpgq2nVNFUckhqdW3szVP6YhCpp/RAnpmVExA9JvrMynjwSLVrEj3AepHR6ew==}
    engines: {node: ^12.20.0 || ^14.13.1 || >=16.0.0}

  lodash@4.18.1:
    resolution: {integrity: sha512-dMInicTPVE8d1e5otfwmmjlxkZoUpiVLwyeTdUsi/Caj/gfzzblBcCE5sRHV/AsjuCmxWrte2TNGSYuCeCq+0Q==}

  setimmediate@1.0.5:
    resolution: {integrity: sha512-MATJdZp8sLqDl/68LfQmbP8zKPLQNV6BIZoIgrscFDQ+RsvK/BxeDQOgyxKKoh0y/8h3BqVFnCqQ/gd+reiIXA==}

  string-similarity@4.0.4:
    resolution: {integrity: sha512-/q/8Q4Bl4ZKAPjj8WerIBJWALKkaPRfrvhfF8k/B23i4nzrlRj2/go1m90In7nG/3XDSbOo0+pu6RvCTM9RGMQ==}
    deprecated: Package no longer supported. Contact Support at https://www.npmjs.com/support for more info.

snapshots:

  fastest-levenshtein@1.0.16: {}

  fuse.js@7.5.0: {}

  fuzzball@2.2.6:
    dependencies:
      heap: 0.2.7
      lodash: 4.18.1
      setimmediate: 1.0.5

  heap@0.2.7: {}

  js-levenshtein@1.1.6: {}

  leven@4.1.0: {}

  lodash@4.18.1: {}

  setimmediate@1.0.5: {}

  string-similarity@4.0.4: {}
