lockfileVersion: '9.0'

settings:
  autoInstallPeers: true
  excludeLinksFromLockfile: false

importers:

  .:
    dependencies:
      dice-coefficient:
        specifier: 2.1.1
        version: 2.1.1
      fast-dice-coefficient:
        specifier: 1.0.3
        version: 1.0.3
      fastest-levenshtein:
        specifier: 1.0.16
        version: 1.0.16
      fuse.js:
        specifier: 7.5.0
        version: 7.5.0
      fuzzball:
        specifier: 2.2.6
        version: 2.2.6
      js-levenshtein:
        specifier: 1.1.6
        version: 1.1.6
      leven:
        specifier: 4.1.0
        version: 4.1.0
      n-gram:
        specifier: ^2.0.2
        version: 2.0.2
      natural:
        specifier: 8.1.1
        version: 8.1.1
      string-comparison:
        specifier: 1.3.0
        version: 1.3.0
      string-similarity:
        specifier: 4.0.4
        version: 4.0.4
      talisman:
        specifier: 1.1.4
        version: 1.1.4
      wink-distance:
        specifier: ^2.0.2
        version: 2.0.2
      wink-nlp-utils:
        specifier: 2.1.0
        version: 2.1.0

packages:

  '@mongodb-js/saslprep@1.4.13':
    resolution: {integrity: sha512-E3Sv4eCYAlKYUTx8S3ioQcDUscOif+8zZ5OnW1IzJ+Tt+EO+ke8mn+Y3FX6N1H79picwbdOavVOb1jPi2EOyrg==}

  '@redis/bloom@5.12.1':
    resolution: {integrity: sha512-PUUfv+ms7jgPSBVoo/DN4AkPHj4D5TZSd6SbJX7egzBplkYUcKmHRE8RKia7UtZ8bSQbLguLvxVO+asKtQfZWA==}
    engines: {node: '>= 18.19.0'}
    peerDependencies:
      '@redis/client': ^5.12.1

  '@redis/client@5.12.1':
    resolution: {integrity: sha512-7aPGWeqA3uFm43o19umzdl16CEjK/JQGtSXVPevplTaOU3VJA/rseBC1QvYUz9lLDIMBimc4SW/zrW4S89BaCA==}
    engines: {node: '>= 18.19.0'}
    peerDependencies:
      '@node-rs/xxhash': ^1.1.0
      '@opentelemetry/api': '>=1 <2'
    peerDependenciesMeta:
      '@node-rs/xxhash':
        optional: true
      '@opentelemetry/api':
        optional: true

  '@redis/json@5.12.1':
    resolution: {integrity: sha512-eOze75esLve4vfqDel7aMX08CNaiLLQS2fV8mpRN9NxPe1rVR4vQyYiW/OgtGUysF6QOr9ANhfxABKNOJfXdKg==}
    engines: {node: '>= 18.19.0'}
    peerDependencies:
      '@redis/client': ^5.12.1

  '@redis/search@5.12.1':
    resolution: {integrity: sha512-ItlxbxC9cKI6IU1TLWoczwJCRb6TdmkEpWv05UrPawqaAnWGRu3rcIqsc5vN483T2fSociuyV1UkWIL5I4//2w==}
    engines: {node: '>= 18.19.0'}
    peerDependencies:
      '@redis/client': ^5.12.1

  '@redis/time-series@5.12.1':
    resolution: {integrity: sha512-c6JL6E3EcZJuNqKFz+KM+l9l5mpcQiKvTwgA3blt5glWJ8hjDk0yeHN3beE/MpqYIQ8UEX44ItQzgkE/gCBELQ==}
    engines: {node: '>= 18.19.0'}
    peerDependencies:
      '@redis/client': ^5.12.1

  '@standard-schema/spec@1.1.0':
    resolution: {integrity: sha512-l2aFy5jALhniG5HgqrD6jXLi/rUWrKvqN/qJx6yoJsgKhblVd+iqqU4RCXavm/jPityDo5TCvKMnpjKnOriy0w==}

  '@types/webidl-conversions@7.0.3':
    resolution: {integrity: sha512-CiJJvcRtIgzadHCYXw7dqEnMNRjhGZlYK05Mj9OyktqV8uVT8fD2BFOB7S1uwBE3Kj2Z+4UyPmFw/Ixgw/LAlA==}

  '@types/whatwg-url@13.0.0':
    resolution: {integrity: sha512-N8WXpbE6Wgri7KUSvrmQcqrMllKZ9uxkYWMt+mCSGwNc0Hsw9VQTW7ApqI4XNrx6/SaM2QQJCzMPDEXE058s+Q==}

  afinn-165-financialmarketnews@3.0.0:
    resolution: {integrity: sha512-0g9A1S3ZomFIGDTzZ0t6xmv4AuokBvBmpes8htiyHpH7N4xDmvSQL6UxL/Zcs2ypRb3VwgCscaD8Q3zEawKYhw==}

  afinn-165@2.0.2:
    resolution: {integrity: sha512-mJ/RLUfpXfQA6bzugv+bBsc/QYkVrKaLYeS8fWBpKbTCsonv4iuV9ET0fgReEunm9vKLkaNgnekuSNlTC3WQ1Q==}

  apparatus@0.0.10:
    resolution: {integrity: sha512-KLy/ugo33KZA7nugtQ7O0E1c8kQ52N3IvD/XgIh4w/Nr28ypfkwDfA67F1ev4N1m5D+BOk1+b2dEJDfpj/VvZg==}
    engines: {node: '>=0.2.6'}

  bson@7.3.2:
    resolution: {integrity: sha512-1w0ra+ho1cuE+w8jzwgzTFIimFtCfZeCoOsvIPQg6uyFCsp8M29U7bNNf5GrFh88TXbYg1g3TyKUGpd6O7q6zA==}
    engines: {node: '>=20.19.0'}

  cluster-key-slot@1.1.2:
    resolution: {integrity: sha512-RMr0FhtfXemyinomL4hrWcYJxmX6deFdCxpJzhDttxgO1+bcCnkk+9drydLVDmAMG7NE6aN/fl4F7ucU/90gAA==}
    engines: {node: '>=0.10.0'}

  dice-coefficient@2.1.1:
    resolution: {integrity: sha512-vPTcHmOQAuGvU6eyBtj7QCBwDJh2I7QpbBU51lbgfv7592KjBl6dm0baRBSh9ekt2X91MNAz7OpJrXCIUtDzlw==}
    hasBin: true

  dotenv@17.4.2:
    resolution: {integrity: sha512-nI4U3TottKAcAD9LLud4Cb7b2QztQMUEfHbvhTH09bqXTxnSie8WnjPALV/WMCrJZ6UV/qHJ6L03OqO3LcdYZw==}
    engines: {node: '>=12'}

  emoji-regex@9.2.2:
    resolution: {integrity: sha512-L18DaJsXSUk2+42pv8mLs5jJT2hqFkFE4j21wOmgbUqsZ2hL72NsUU785g9RXgo3s0ZNgVl42TiHp3ZtOv/Vyg==}

  fast-dice-coefficient@1.0.3:
    resolution: {integrity: sha512-cV3wG72wbbKCRfFH/6aHFa3d+zvKzgTOOcgeedtqK1ayzkrsvRivOc24eK10NSwfkkHJRIZfdzz6rYFP3z7mqQ==}

  fastest-levenshtein@1.0.16:
    resolution: {integrity: sha512-eRnCtTTtGZFpQCwhJiUOuxPQWRXVKYDn0b2PeHfXL6/Zi53SLAzAHfVhVWK2AryC/WH05kGfxhFIPvTF0SXQzg==}
    engines: {node: '>= 4.9.1'}

  fuse.js@7.5.0:
    resolution: {integrity: sha512-sQtrEfA+ez/3G0cCZecF70oqpCRttCexYUG4mUrtWL49ULUzUyxokt5kyqwtKzj1270RaKih+hcP3qLcumccow==}
    engines: {node: '>=10'}

  fuzzball@2.2.6:
    resolution: {integrity: sha512-RFYKY0GGDOmocz6rYmvOk9qOnV2UCsLHbVPl5zfZVvcdBlilDg/84WSgAvOCGDq+UEnpnqjZMHk6a/hamC5VuQ==}

  heap@0.2.7:
    resolution: {integrity: sha512-2bsegYkkHO+h/9MGbn6KWcE45cHZgPANo5LXF7EvWdT0yT2EguSVO1nDgU5c8+ZOPwp2vMNa7YFsJhVcDR9Sdg==}

  html-entities@1.4.0:
    resolution: {integrity: sha512-8nxjcBcd8wovbeKx7h3wTji4e6+rhaVuPNpMqwWgnHh+N9ToqsCs6XztWRBPQ+UtzsoMAdKZtUENoVzU/EMtZA==}

  js-levenshtein@1.1.6:
    resolution: {integrity: sha512-X2BB11YZtrRqY4EnQcLX5Rh373zbK4alC1FW7D7MBhL2gtcC17cTnr6DmfHZeS0s2rTHjUTMMHfG7gO8SSdw+g==}
    engines: {node: '>=0.10.0'}

  kareem@3.3.0:
    resolution: {integrity: sha512-kpSuLD3/7RenBnjnJdOHXCKC8dTd1JzeOiJhN0necWWci6cC+qX+VuwPnMVgb+a4+KNJSfgqahpnfWaeDXCimw==}
    engines: {node: '>=18.0.0'}

  leven@4.1.0:
    resolution: {integrity: sha512-KZ9W9nWDT7rF7Dazg8xyLHGLrmpgq2nVNFUckhqdW3szVP6YhCpp/RAnpmVExA9JvrMynjwSLVrEj3AepHR6ew==}
    engines: {node: ^12.20.0 || ^14.13.1 || >=16.0.0}

  lodash@4.18.1:
    resolution: {integrity: sha512-dMInicTPVE8d1e5otfwmmjlxkZoUpiVLwyeTdUsi/Caj/gfzzblBcCE5sRHV/AsjuCmxWrte2TNGSYuCeCq+0Q==}

  long@4.0.0:
    resolution: {integrity: sha512-XsP+KhQif4bjX1kbuSiySJFNAehNxgLb6hPRGJ9QsUr8ajHkuXGdrHmFUTUUXhDwVX2R5bY4JNZEwbUiMhV+MA==}

  memjs@1.3.2:
    resolution: {integrity: sha512-qUEg2g8vxPe+zPn09KidjIStHPtoBO8Cttm8bgJFWWabbsjQ9Av9Ky+6UcvKx6ue0LLb/LEhtcyQpRyKfzeXcg==}
    engines: {node: '>=0.10.0'}

  memory-pager@1.5.0:
    resolution: {integrity: sha512-ZS4Bp4r/Zoeq6+NLJpP+0Zzm0pR8whtGPf1XExKLJBAczGMnSi3It14OiNCStjQjM6NU1okjQGSxgEZN8eBYKg==}

  mnemonist@0.38.5:
    resolution: {integrity: sha512-bZTFT5rrPKtPJxj8KSV0WkPyNxl72vQepqqVUAW2ARUpUSF2qXMB6jZj7hW5/k7C1rtpzqbD/IIbJwLXUjCHeg==}

  mnemonist@0.39.8:
    resolution: {integrity: sha512-vyWo2K3fjrUw8YeeZ1zF0fy6Mu59RHokURlld8ymdUPjMlD9EC9ov1/YPqTgqRvUN9nTr3Gqfz29LYAmu0PHPQ==}

  mongodb-connection-string-url@7.0.2:
    resolution: {integrity: sha512-ZoS07RoFqpKYQwAk59qmrx8+jJHNHU30UjlU96QktiGn1ltvDr+vCznLX5DiUBLEpMAHatHNWV1nM/74ul66kA==}
    engines: {node: '>=20.19.0'}

  mongodb@7.5.0:
    resolution: {integrity: sha512-5FnrEDLnvp6ycUOGLNLLU33BfCx2qmp2mJjGPDwKLruYsVzXVSK5fsGpoDXvsXJwBfBsD7ebMRdawbDxC2814g==}
    engines: {node: '>=20.19.0'}
    peerDependencies:
      '@aws-sdk/credential-providers': ^3.806.0
      '@mongodb-js/zstd': ^7.0.0
      gcp-metadata: ^7.0.1
      kerberos: ^7.0.0
      mongodb-client-encryption: ^7.2.0
      snappy: ^7.3.2
      socks: ^2.8.6
    peerDependenciesMeta:
      '@aws-sdk/credential-providers':
        optional: true
      '@mongodb-js/zstd':
        optional: true
      gcp-metadata:
        optional: true
      kerberos:
        optional: true
      mongodb-client-encryption:
        optional: true
      snappy:
        optional: true
      socks:
        optional: true

  mongoose@9.9.2:
    resolution: {integrity: sha512-Nz8Rwu9jvADm0pyX0M3mEy8bx3wB5b/tRDI4XnjL7p6tZgmdyL9g0gE/EC9It6/XMIbcvniwYQDKYs91Qm+o+g==}
    engines: {node: '>=20.19.0'}

  mpath@0.9.0:
    resolution: {integrity: sha512-ikJRQTk8hw5DEoFVxHG1Gn9T/xcjtdnOKIU1JTmGjZZlg9LST2mBLmcX3/ICIbgJydT2GOc15RnNy5mHmzfSew==}
    engines: {node: '>=4.0.0'}

  mquery@6.0.0:
    resolution: {integrity: sha512-b2KQNsmgtkscfeDgkYMcWGn9vZI9YoXh802VDEwE6qc50zxBFQ0Oo8ROkawbPAsXCY1/Z1yp0MagqsZStPWJjw==}
    engines: {node: '>=20.19.0'}

  ms@2.1.3:
    resolution: {integrity: sha512-6FlzubTLZG3J2a/NVCAleEhjzq5oxgHyaCU9yYXvcLsvoVaHJq/s5xXI6/XXP6tz7R9xAOtHnSO/tXtF3WRTlA==}

  n-gram@2.0.2:
    resolution: {integrity: sha512-S24aGsn+HLBxUGVAUFOwGpKs7LBcG4RudKU//eWzt/mQ97/NMKQxDWHyHx63UNWk/OOdihgmzoETn1tf5nQDzQ==}

  natural@8.1.1:
    resolution: {integrity: sha512-Ucb+lsUcGxUqu3rn8cwHjT6gJQosO63nIX/aBQXB3+IDkNbFV7PuviysO+Rzz3aKn7PZhPj3bNF4PS9gDVjYCQ==}
    engines: {node: '>=0.4.10'}

  obliterator@1.6.1:
    resolution: {integrity: sha512-9WXswnqINnnhOG/5SLimUlzuU1hFJUc8zkwyD59Sd+dPOMf05PmnYG/d6Q7HZ+KmgkZJa1PxRso6QdM3sTNHig==}

  obliterator@2.0.5:
    resolution: {integrity: sha512-42CPE9AhahZRsMNslczq0ctAEtqk8Eka26QofnqC346BZdHDySk3LWka23LI7ULIw11NmltpiLagIq8gBozxTw==}

  pandemonium@2.4.1:
    resolution: {integrity: sha512-wRqjisUyiUfXowgm7MFH2rwJzKIr20rca5FsHXCMNm1W5YPP1hCtrZfgmQ62kP7OZ7Xt+cR858aB28lu5NX55g==}

  pg-cloudflare@1.4.0:
    resolution: {integrity: sha512-Vo7z/6rrQYxpNRylp4Tlob2elzbh+N/MOQbxFVWCxS7oEx6jF53GTJFxK2WWpKuBRkmiin4Mt+xofFDjx09R0A==}

  pg-connection-string@2.14.0:
    resolution: {integrity: sha512-XwWDGcLRGCXAR8F/AM5bG7Q+A3Wm2s6QeEjlOKZLlH3UYcguiqCWKyWXVag5TLTIjR7oOJUY8kcADaZgWPyLeg==}

  pg-int8@1.0.1:
    resolution: {integrity: sha512-WCtabS6t3c8SkpDBUlb1kjOs7l66xsGdKpIPZsg4wR+B3+u9UAum2odSsF9tnvxg80h4ZxLWMy4pRjOsFIqQpw==}
    engines: {node: '>=4.0.0'}

  pg-pool@3.14.0:
    resolution: {integrity: sha512-gKtPkFdQPU3DksooVLi9LsjZxrsBUZIpa+7aVx+LV5pNh0KzP4Zleud2po+ConrxbuXGBJ6Hfer6hdgpIBpBaw==}
    peerDependencies:
      pg: '>=8.0'

  pg-protocol@1.16.0:
    resolution: {integrity: sha512-sILXutLVjCLjcDuOmvhX5e2Z4cS5qG/6Bu3VkpFwdf/633ElGLpEh9bgmuI5I4sqKqkifQiGyiCcx1HdtrK7tg==}

  pg-types@2.2.0:
    resolution: {integrity: sha512-qTAAlrEsl8s4OiEQY69wDvcMIdQN6wdz5ojQiOy6YRMuynxenON0O5oCpJI6lshc6scgAY8qvJ2On/p+CXY0GA==}
    engines: {node: '>=4'}

  pg@8.23.0:
    resolution: {integrity: sha512-Ip2EQCngowJLGOfCwkFhPXU7/ljlhn6Rxlmy4XYfL2Y+vyRM59+8uR2xqRWKdYmbXmxCFOAmKxBuSUCdF34qLg==}
    engines: {node: '>= 16.0.0'}
    peerDependencies:
      pg-native: '>=3.0.1'
    peerDependenciesMeta:
      pg-native:
        optional: true

  pgpass@1.0.5:
    resolution: {integrity: sha512-FdW9r/jQZhSeohs1Z3sI1yxFQNFvMcnmfuj4WBMUTxOrAyLMaTcE1aAMBiTlbMNaXvBCQuVi0R7hd8udDSP7ug==}

  postgres-array@2.0.0:
    resolution: {integrity: sha512-VpZrUqU5A69eQyW2c5CA1jtLecCsN2U/bD6VilrFDWq5+5UIEVO7nazS3TEcHf1zuPYO/sqGvUvW62g86RXZuA==}
    engines: {node: '>=4'}

  postgres-bytea@1.0.1:
    resolution: {integrity: sha512-5+5HqXnsZPE65IJZSMkZtURARZelel2oXUEO8rH83VS/hxH5vv1uHquPg5wZs8yMAfdv971IU+kcPUczi7NVBQ==}
    engines: {node: '>=0.10.0'}

  postgres-date@1.0.7:
    resolution: {integrity: sha512-suDmjLVQg78nMK2UZ454hAG+OAW+HQPZ6n++TNDUX+L0+uUlLywnoxJKDou51Zm+zTCjrCl0Nq6J9C5hP9vK/Q==}
    engines: {node: '>=0.10.0'}

  postgres-interval@1.2.0:
    resolution: {integrity: sha512-9ZhXKM/rw350N1ovuWHbGxnGh/SNJ4cnxHiM0rxE4VN41wsg8P8zWn9hv/buK00RP4WvlOyr/RBDiptyxVbkZQ==}
    engines: {node: '>=0.10.0'}

  punycode@2.3.1:
    resolution: {integrity: sha512-vYt7UD1U9Wg6138shLtLOvdAu+8DsC/ilFtEVHcH+wydcSpNE20AfSOduf6MkRFahL5FY7X1oU7nKVZFtfq8Fg==}
    engines: {node: '>=6'}

  redis@5.12.1:
    resolution: {integrity: sha512-LDsoVvb/CpoV9EN3FXvgvSHNJWuCIzl9MiO3ppOevuGLpSGJhwfQjpEwfFJcQvNSddHADDdZaWx0HnmMxRXG7g==}
    engines: {node: '>= 18.19.0'}

  safe-stable-stringify@2.5.0:
    resolution: {integrity: sha512-b3rppTKm9T+PsVCBEOUR46GWI7fdOs00VKZ1+9c1EWDaDMvjQc6tUwuFyIprgGgTcWoVHSKrU8H31ZHA2e0RHA==}
    engines: {node: '>=10'}

  setimmediate@1.0.5:
    resolution: {integrity: sha512-MATJdZp8sLqDl/68LfQmbP8zKPLQNV6BIZoIgrscFDQ+RsvK/BxeDQOgyxKKoh0y/8h3BqVFnCqQ/gd+reiIXA==}

  sift@17.1.3:
    resolution: {integrity: sha512-Rtlj66/b0ICeFzYTuNvX/EF1igRbbnGSvEyT79McoZa/DeGhMyC5pWKOEsZKnpkqtSeovd5FL/bjHWC3CIIvCQ==}

  sparse-bitfield@3.0.3:
    resolution: {integrity: sha512-kvzhi7vqKTfkh0PZU+2D2PIllw2ymqJKujUcyPMd9Y75Nv4nPbGJZXNhxsgdQab2BmlDct1YnfQCguEvHr7VsQ==}

  split2@4.2.0:
    resolution: {integrity: sha512-UcjcJOWknrNkF6PLX83qcHM6KHgVKNkV62Y8a5uYDVv9ydGQVwAHMKqHdJje1VTWpljG0WYpCDhrCdAOYH4TWg==}
    engines: {node: '>= 10.x'}

  stopwords-iso@1.1.0:
    resolution: {integrity: sha512-I6GPS/E0zyieHehMRPQcqkiBMJKGgLta+1hREixhoLPqEA0AlVFiC43dl8uPpmkkeRdDMzYRWFWk5/l9x7nmNg==}
    engines: {node: '>=0.10.0'}

  string-comparison@1.3.0:
    resolution: {integrity: sha512-46aD+slEwybxAMPRII83ATbgMgTiz5P8mVd7Z6VJsCzSHFjdt1hkAVLeFxPIyEb11tc6ihpJTlIqoO0MCF6NPw==}
    engines: {node: ^16.0.0 || >=18.0.0}

  string-similarity@4.0.4:
    resolution: {integrity: sha512-/q/8Q4Bl4ZKAPjj8WerIBJWALKkaPRfrvhfF8k/B23i4nzrlRj2/go1m90In7nG/3XDSbOo0+pu6RvCTM9RGMQ==}
    deprecated: Package no longer supported. Contact Support at https://www.npmjs.com/support for more info.

  sylvester@0.0.21:
    resolution: {integrity: sha512-yUT0ukFkFEt4nb+NY+n2ag51aS/u9UHXoZw+A4jgD77/jzZsBoSDHuqysrVCBC4CYR4TYvUJq54ONpXgDBH8tA==}
    engines: {node: '>=0.2.6'}

  talisman@1.1.4:
    resolution: {integrity: sha512-XZ/vf5B2aW5A0c0CE6F6w/UgdBdD/0ClBgh/phpYSjV1CnQIFni3bKZ1z9ZXWHkGZRSpnbiWWMPx05DoxXBoFw==}

  tr46@5.1.1:
    resolution: {integrity: sha512-hdF5ZgjTqgAntKkklYw0R03MG2x/bSzTtkxmIRw/sTNV8YXsCJ1tfLAX23lhxhHJlEf3CRCOCGGWw3vI3GaSPw==}
    engines: {node: '>=18'}

  underscore@1.13.8:
    resolution: {integrity: sha512-DXtD3ZtEQzc7M8m4cXotyHR+FAS18C64asBYY5vqZexfYryNNnDc02W4hKg3rdQuqOYas1jkseX0+nZXjTXnvQ==}

  uuid@13.0.2:
    resolution: {integrity: sha512-vzi9uRZ926x4XV73S/4qQaTwPXM2JBj6/6lI/byHH1jOpCzb0zDbfytgA9LcN/hzb2l7WQSQnxITOVx5un/wGw==}
    hasBin: true

  webidl-conversions@7.0.0:
    resolution: {integrity: sha512-VwddBukDzu71offAQR975unBIGqfKZpM+8ZX6ySk8nYhVoo5CYaZyzt3YBvYtRtO+aoGlqxPg/B87NGVZ/fu6g==}
    engines: {node: '>=12'}

  whatwg-url@14.2.0:
    resolution: {integrity: sha512-De72GdQZzNTUBBChsXueQUnPKDkg/5A5zp7pFDuQAj5UFoENpiACU0wlCvzpAGnTkj++ihpKwKyYewn/XNUbKw==}
    engines: {node: '>=18'}

  wink-distance@2.0.2:
    resolution: {integrity: sha512-pyEhUB/OKFYcgOC4J6E+c+gwVA/8qg2s5n49mIcUsJZM5iDSa17uOxRQXR4rvfp+gbj55K/I08FwjFBwb6fq3g==}

  wink-eng-lite-web-model@1.8.1:
    resolution: {integrity: sha512-M2tSOU/rVNkDj8AS8IoKJaM7apJJjS0cN+hE8CPazfnB4A/ojyc9+7RMPk18UOiIdSyWk7MR6w8z9lWix2l5tA==}
    engines: {node: '>=16.0.0'}

  wink-helpers@2.0.0:
    resolution: {integrity: sha512-I/ZzXrHcNRXuoeFJmp2vMVqDI6UCK02Tds1WP4kSGAmx520gjL1BObVzF7d2ps24tyHIly9ngdB2jwhlFUjPvg==}

  wink-jaro-distance@2.0.0:
    resolution: {integrity: sha512-9bcUaXCi9N8iYpGWbFkf83OsBkg17r4hEyxusEzl+nnReLRPqxhB9YNeRn3g54SYnVRNXP029lY3HDsbdxTAuA==}

  wink-nlp-utils@2.1.0:
    resolution: {integrity: sha512-b7PcRhEBNxQmsmht70jLOkwYUyie3da4/cgEXL+CumYO5b/nwV+W7fuMXToh5BtGq1RABznmc2TGTp1Qf/JUXg==}

  wink-nlp@1.14.3:
    resolution: {integrity: sha512-lvY5iCs3T8I34F8WKS70+2P0U9dWLn3vdPf/Z+m2VK14N7OmqnPzmHfh3moHdusajoQ37Em39z0IZB9K4x/96A==}

  wink-porter2-stemmer@2.0.1:
    resolution: {integrity: sha512-0g+RkkqhRXFmSpJQStVXW5N/WsshWpJXsoDRW7DwVkGI2uDT6IBCoq3xdH5p6IHLaC6ygk7RWUsUx4alKxoagQ==}

  wink-tokenizer@5.3.0:
    resolution: {integrity: sha512-O/yAw0g3FmSgeeQuYAJJfP7fVPB4A6ay0018qASh79aWmIOyPYy4j4r9EQT8xBjicja6lCLvgRVAybmEBaATQA==}

  wordnet-db@3.1.14:
    resolution: {integrity: sha512-zVyFsvE+mq9MCmwXUWHIcpfbrHHClZWZiVOzKSxNJruIcFn2RbY55zkhiAMMxM8zCVSmtNiViq8FsAZSFpMYag==}
    engines: {node: '>=0.6.0'}

  xtend@4.0.2:
    resolution: {integrity: sha512-LKYU1iAXJXUgAXn9URjiu+MWhyUXHsvfp7mcuYm9dSUKK0/CjtrUwFAxD82/mCWbtLsGjFIad0wIsod4zrTAEQ==}
    engines: {node: '>=0.4'}

snapshots:

  '@mongodb-js/saslprep@1.4.13':
    dependencies:
      sparse-bitfield: 3.0.3

  '@redis/bloom@5.12.1(@redis/client@5.12.1)':
    dependencies:
      '@redis/client': 5.12.1

  '@redis/client@5.12.1':
    dependencies:
      cluster-key-slot: 1.1.2

  '@redis/json@5.12.1(@redis/client@5.12.1)':
    dependencies:
      '@redis/client': 5.12.1

  '@redis/search@5.12.1(@redis/client@5.12.1)':
    dependencies:
      '@redis/client': 5.12.1

  '@redis/time-series@5.12.1(@redis/client@5.12.1)':
    dependencies:
      '@redis/client': 5.12.1

  '@standard-schema/spec@1.1.0': {}

  '@types/webidl-conversions@7.0.3': {}

  '@types/whatwg-url@13.0.0':
    dependencies:
      '@types/webidl-conversions': 7.0.3

  afinn-165-financialmarketnews@3.0.0: {}

  afinn-165@2.0.2: {}

  apparatus@0.0.10:
    dependencies:
      sylvester: 0.0.21

  bson@7.3.2: {}

  cluster-key-slot@1.1.2: {}

  dice-coefficient@2.1.1:
    dependencies:
      n-gram: 2.0.2

  dotenv@17.4.2: {}

  emoji-regex@9.2.2: {}

  fast-dice-coefficient@1.0.3: {}

  fastest-levenshtein@1.0.16: {}

  fuse.js@7.5.0: {}

  fuzzball@2.2.6:
    dependencies:
      heap: 0.2.7
      lodash: 4.18.1
      setimmediate: 1.0.5

  heap@0.2.7: {}

  html-entities@1.4.0: {}

  js-levenshtein@1.1.6: {}

  kareem@3.3.0: {}

  leven@4.1.0: {}

  lodash@4.18.1: {}

  long@4.0.0: {}

  memjs@1.3.2: {}

  memory-pager@1.5.0: {}

  mnemonist@0.38.5:
    dependencies:
      obliterator: 2.0.5

  mnemonist@0.39.8:
    dependencies:
      obliterator: 2.0.5

  mongodb-connection-string-url@7.0.2:
    dependencies:
      '@types/whatwg-url': 13.0.0
      whatwg-url: 14.2.0

  mongodb@7.5.0:
    dependencies:
      '@mongodb-js/saslprep': 1.4.13
      bson: 7.3.2
      mongodb-connection-string-url: 7.0.2

  mongoose@9.9.2:
    dependencies:
      '@standard-schema/spec': 1.1.0
      kareem: 3.3.0
      mongodb: 7.5.0
      mpath: 0.9.0
      mquery: 6.0.0
      ms: 2.1.3
      sift: 17.1.3
    transitivePeerDependencies:
      - '@aws-sdk/credential-providers'
      - '@mongodb-js/zstd'
      - gcp-metadata
      - kerberos
      - mongodb-client-encryption
      - snappy
      - socks

  mpath@0.9.0: {}

  mquery@6.0.0: {}

  ms@2.1.3: {}

  n-gram@2.0.2: {}

  natural@8.1.1:
    dependencies:
      afinn-165: 2.0.2
      afinn-165-financialmarketnews: 3.0.0
      apparatus: 0.0.10
      dotenv: 17.4.2
      memjs: 1.3.2
      mongoose: 9.9.2
      pg: 8.23.0
      redis: 5.12.1
      safe-stable-stringify: 2.5.0
      stopwords-iso: 1.1.0
      sylvester: 0.0.21
      underscore: 1.13.8
      uuid: 13.0.2
      wordnet-db: 3.1.14
    transitivePeerDependencies:
      - '@aws-sdk/credential-providers'
      - '@mongodb-js/zstd'
      - '@node-rs/xxhash'
      - '@opentelemetry/api'
      - gcp-metadata
      - kerberos
      - mongodb-client-encryption
      - pg-native
      - snappy
      - socks

  obliterator@1.6.1: {}

  obliterator@2.0.5: {}

  pandemonium@2.4.1:
    dependencies:
      mnemonist: 0.39.8

  pg-cloudflare@1.4.0:
    optional: true

  pg-connection-string@2.14.0: {}

  pg-int8@1.0.1: {}

  pg-pool@3.14.0(pg@8.23.0):
    dependencies:
      pg: 8.23.0

  pg-protocol@1.16.0: {}

  pg-types@2.2.0:
    dependencies:
      pg-int8: 1.0.1
      postgres-array: 2.0.0
      postgres-bytea: 1.0.1
      postgres-date: 1.0.7
      postgres-interval: 1.2.0

  pg@8.23.0:
    dependencies:
      pg-connection-string: 2.14.0
      pg-pool: 3.14.0(pg@8.23.0)
      pg-protocol: 1.16.0
      pg-types: 2.2.0
      pgpass: 1.0.5
    optionalDependencies:
      pg-cloudflare: 1.4.0

  pgpass@1.0.5:
    dependencies:
      split2: 4.2.0

  postgres-array@2.0.0: {}

  postgres-bytea@1.0.1: {}

  postgres-date@1.0.7: {}

  postgres-interval@1.2.0:
    dependencies:
      xtend: 4.0.2

  punycode@2.3.1: {}

  redis@5.12.1:
    dependencies:
      '@redis/bloom': 5.12.1(@redis/client@5.12.1)
      '@redis/client': 5.12.1
      '@redis/json': 5.12.1(@redis/client@5.12.1)
      '@redis/search': 5.12.1(@redis/client@5.12.1)
      '@redis/time-series': 5.12.1(@redis/client@5.12.1)
    transitivePeerDependencies:
      - '@node-rs/xxhash'
      - '@opentelemetry/api'

  safe-stable-stringify@2.5.0: {}

  setimmediate@1.0.5: {}

  sift@17.1.3: {}

  sparse-bitfield@3.0.3:
    dependencies:
      memory-pager: 1.5.0

  split2@4.2.0: {}

  stopwords-iso@1.1.0: {}

  string-comparison@1.3.0: {}

  string-similarity@4.0.4: {}

  sylvester@0.0.21: {}

  talisman@1.1.4:
    dependencies:
      html-entities: 1.4.0
      lodash: 4.18.1
      long: 4.0.0
      mnemonist: 0.38.5
      obliterator: 1.6.1
      pandemonium: 2.4.1

  tr46@5.1.1:
    dependencies:
      punycode: 2.3.1

  underscore@1.13.8: {}

  uuid@13.0.2: {}

  webidl-conversions@7.0.0: {}

  whatwg-url@14.2.0:
    dependencies:
      tr46: 5.1.1
      webidl-conversions: 7.0.0

  wink-distance@2.0.2:
    dependencies:
      wink-helpers: 2.0.0
      wink-jaro-distance: 2.0.0

  wink-eng-lite-web-model@1.8.1: {}

  wink-helpers@2.0.0: {}

  wink-jaro-distance@2.0.0: {}

  wink-nlp-utils@2.1.0:
    dependencies:
      wink-distance: 2.0.2
      wink-eng-lite-web-model: 1.8.1
      wink-helpers: 2.0.0
      wink-nlp: 1.14.3
      wink-porter2-stemmer: 2.0.1
      wink-tokenizer: 5.3.0

  wink-nlp@1.14.3: {}

  wink-porter2-stemmer@2.0.1: {}

  wink-tokenizer@5.3.0:
    dependencies:
      emoji-regex: 9.2.2

  wordnet-db@3.1.14: {}

  xtend@4.0.2: {}
